
Microsoft Visual Studio Solution File, Format Version 12.00
# Visual Studio Version 16
VisualStudioVersion = 16.0.29728.190
MinimumVisualStudioVersion = 10.0.40219.1
Project("{FAE04EC0-301F-11D3-BF4B-00C04F79EFBC}") = "TestApi", "TestApi\TestApi.csproj", "{1B7868FB-4A3C-4834-9AAE-1F60464F1FDF}"
EndProject
Global
	GlobalSection(SolutionConfigurationPlatforms) = preSolution
		Debug|Any CPU = Debug|Any CPU
		Release|Any CPU = Release|Any CPU
	EndGlobalSection
	GlobalSection(ProjectConfigurationPlatforms) = postSolution
		{1B7868FB-4A3C-4834-9AAE-1F60464F1FDF}.Debug|Any CPU.ActiveCfg = Debug|Any CPU
		{1B7868FB-4A3C-4834-9AAE-1F60464F1FDF}.Debug|Any CPU.Build.0 = Debug|Any CPU
		{1B7868FB-4A3C-4834-9AAE-1F60464F1FDF}.Release|Any CPU.ActiveCfg = Release|Any CPU
		{1B7868FB-4A3C-4834-9AAE-1F60464F1FDF}.Release|Any CPU.Build.0 = Release|Any CPU
	EndGlobalSection
	GlobalSection(SolutionProperties) = preSolution
		HideSolutionNode = FALSE
	EndGlobalSection
	GlobalSection(ExtensibilityGlobals) = postSolution
		SolutionGuid = {DEB91DE1-EFBD-4101-8D60-9E6C04F5B699}
	EndGlobalSection
EndGlobal
